// !$*UTF8*$!
{
	archiveVersion = 1;
	classes = {
	};
	objectVersion = 77;
	objects = {

/* Begin PBXContainerItemProxy section */
		11BFDE692CBE8739000D5F5D /* PBXContainerItemProxy */ = {
			isa = PBXContainerItemProxy;
			containerPortal = 11BFDE502CBE8737000D5F5D /* Project object */;
			proxyType = 1;
			remoteGlobalIDString = 11BFDE572CBE8737000D5F5D;
			remoteInfo = recipify;
		};
		11BFDE732CBE8739000D5F5D /* PBXContainerItemProxy */ = {
			isa = PBXContainerItemProxy;
			containerPortal = 11BFDE502CBE8737000D5F5D /* Project object */;
			proxyType = 1;
			remoteGlobalIDString = 11BFDE572CBE8737000D5F5D;
			remoteInfo = recipify;
		};
/* End PBXContainerItemProxy section */

/* Begin PBXFileReference section */
		11BFDE582CBE8737000D5F5D /* recipify.app */ = {isa = PBXFileReference; explicitFileType = wrapper.application; includeInIndex = 0; path = recipify.app; sourceTree = BUILT_PRODUCTS_DIR; };
		11BFDE682CBE8739000D5F5D /* recipifyTests.xctest */ = {isa = PBXFileReference; explicitFileType = wrapper.cfbundle; includeInIndex = 0; path = recipifyTests.xctest; sourceTree = BUILT_PRODUCTS_DIR; };
		11BFDE722CBE8739000D5F5D /* recipifyUITests.xctest */ = {isa = PBXFileReference; explicitFileType = wrapper.cfbundle; includeInIndex = 0; path = recipifyUITests.xctest; sourceTree = BUILT_PRODUCTS_DIR; };
/* End PBXFileReference section */

/* Begin PBXFileSystemSynchronizedRootGroup section */
		11BFDE5A2CBE8737000D5F5D /* recipify */ = {
			isa = PBXFileSystemSynchronizedRootGroup;
			path = recipify;
			sourceTree = "<group>";
		};
		11BFDE6B2CBE8739000D5F5D /* recipifyTests */ = {
			isa = PBXFileSystemSynchronizedRootGroup;
			path = recipifyTests;
			sourceTree = "<group>";
		};
		11BFDE752CBE8739000D5F5D /* recipifyUITests */ = {
			isa = PBXFileSystemSynchronizedRootGroup;
			path = recipifyUITests;
			sourceTree = "<group>";
		};
/* End PBXFileSystemSynchronizedRootGroup section */

/* Begin PBXFrameworksBuildPhase section */
		11BFDE552CBE8737000D5F5D /* Frameworks */ = {
			isa = PBXFrameworksBuildPhase;
			buildActionMask = 2147483647;
			files = (
			);
			runOnlyForDeploymentPostprocessing = 0;
		};
		11BFDE652CBE8739000D5F5D /* Frameworks */ = {
			isa = PBXFrameworksBuildPhase;
			buildActionMask = 2147483647;
			files = (
			);
			runOnlyForDeploymentPostprocessing = 0;
		};
		11BFDE6F2CBE8739000D5F5D /* Frameworks */ = {
			isa = PBXFrameworksBuildPhase;
			buildActionMask = 2147483647;
			files = (
			);
			runOnlyForDeploymentPostprocessing = 0;
		};
/* End PBXFrameworksBuildPhase section */

/* Begin PBXGroup section */
		11BFDE4F2CBE8737000D5F5D = {
			isa = PBXGroup;
			children = (
				11BFDE5A2CBE8737000D5F5D /* recipify */,
				11BFDE6B2CBE8739000D5F5D /* recipifyTests */,
				11BFDE752CBE8739000D5F5D /* recipifyUITests */,
				11BFDE592CBE8737000D5F5D /* Products */,
			);
			sourceTree = "<group>";
		};
		11BFDE592CBE8737000D5F5D /* Products */ = {
			isa = PBXGroup;
			children = (
				11BFDE582CBE8737000D5F5D /* recipify.app */,
				11BFDE682CBE8739000D5F5D /* recipifyTests.xctest */,
				11BFDE722CBE8739000D5F5D /* recipifyUITests.xctest */,
			);
			name = Products;
			sourceTree = "<group>";
		};
/* End PBXGroup section */

/* Begin PBXNativeTarget section */
		11BFDE572CBE8737000D5F5D /* recipify */ = {
			isa = PBXNativeTarget;
			buildConfigurationList = 11BFDE7C2CBE8739000D5F5D /* Build configuration list for PBXNativeTarget "recipify" */;
			buildPhases = (
				11BFDE542CBE8737000D5F5D /* Sources */,
				11BFDE552CBE8737000D5F5D /* Frameworks */,
				11BFDE562CBE8737000D5F5D /* Resources */,
			);
			buildRules = (
			);
			dependencies = (
			);
			fileSystemSynchronizedGroups = (
				11BFDE5A2CBE8737000D5F5D /* recipify */,
			);
			name = recipify;
			packageProductDependencies = (
			);
			productName = recipify;
			productReference = 11BFDE582CBE8737000D5F5D /* recipify.app */;
			productType = "com.apple.product-type.application";
		};
		11BFDE672CBE8739000D5F5D /* recipifyTests */ = {
			isa = PBXNativeTarget;
			buildConfigurationList = 11BFDE7F2CBE8739000D5F5D /* Build configuration list for PBXNativeTarget "recipifyTests" */;
			buildPhases = (
				11BFDE642CBE8739000D5F5D /* Sources */,
				11BFDE652CBE8739000D5F5D /* Frameworks */,
				11BFDE662CBE8739000D5F5D /* Resources */,
			);
			buildRules = (
			);
			dependencies = (
				11BFDE6A2CBE8739000D5F5D /* PBXTargetDependency */,
			);
			fileSystemSynchronizedGroups = (
				11BFDE6B2CBE8739000D5F5D /* recipifyTests */,
			);
			name = recipifyTests;
			packageProductDependencies = (
			);
			productName = recipifyTests;
			productReference = 11BFDE682CBE8739000D5F5D /* recipifyTests.xctest */;
			productType = "com.apple.product-type.bundle.unit-test";
		};
		11BFDE712CBE8739000D5F5D /* recipifyUITests */ = {
			isa = PBXNativeTarget;
			buildConfigurationList = 11BFDE822CBE8739000D5F5D /* Build configuration list for PBXNativeTarget "recipifyUITests" */;
			buildPhases = (
				11BFDE6E2CBE8739000D5F5D /* Sources */,
				11BFDE6F2CBE8739000D5F5D /* Frameworks */,
				11BFDE702CBE8739000D5F5D /* Resources */,
			);
			buildRules = (
			);
			dependencies = (
				11BFDE742CBE8739000D5F5D /* PBXTargetDependency */,
			);
			fileSystemSynchronizedGroups = (
				11BFDE752CBE8739000D5F5D /* recipifyUITests */,
			);
			name = recipifyUITests;
			packageProductDependencies = (
			);
			productName = recipifyUITests;
			productReference = 11BFDE722CBE8739000D5F5D /* recipifyUITests.xctest */;
			productType = "com.apple.product-type.bundle.ui-testing";
		};
/* End PBXNativeTarget section */

/* Begin PBXProject section */
		11BFDE502CBE8737000D5F5D /* Project object */ = {
			isa = PBXProject;
			attributes = {
				BuildIndependentTargetsInParallel = 1;
				LastSwiftUpdateCheck = 1600;
				LastUpgradeCheck = 1600;
				TargetAttributes = {
					11BFDE572CBE8737000D5F5D = {
						CreatedOnToolsVersion = 16.0;
					};
					11BFDE672CBE8739000D5F5D = {
						CreatedOnToolsVersion = 16.0;
						TestTargetID = 11BFDE572CBE8737000D5F5D;
					};
					11BFDE712CBE8739000D5F5D = {
						CreatedOnToolsVersion = 16.0;
						TestTargetID = 11BFDE572CBE8737000D5F5D;
					};
				};
			};
			buildConfigurationList = 11BFDE532CBE8737000D5F5D /* Build configuration list for PBXProject "recipify" */;
			developmentRegion = en;
			hasScannedForEncodings = 0;
			knownRegions = (
				en,
				Base,
			);
			mainGroup = 11BFDE4F2CBE8737000D5F5D;
			minimizedProjectReferenceProxies = 1;
			preferredProjectObjectVersion = 77;
			productRefGroup = 11BFDE592CBE8737000D5F5D /* Products */;
			projectDirPath = "";
			projectRoot = "";
			targets = (
				11BFDE572CBE8737000D5F5D /* recipify */,
				11BFDE672CBE8739000D5F5D /* recipifyTests */,
				11BFDE712CBE8739000D5F5D /* recipifyUITests */,
			);
		};
/* End PBXProject section */

/* Begin PBXResourcesBuildPhase section */
		11BFDE562CBE8737000D5F5D /* Resources */ = {
			isa = PBXResourcesBuildPhase;
			buildActionMask = 2147483647;
			files = (
			);
			runOnlyForDeploymentPostprocessing = 0;
		};
		11BFDE662CBE8739000D5F5D /* Resources */ = {
			isa = PBXResourcesBuildPhase;
			buildActionMask = 2147483647;
			files = (
			);
			runOnlyForDeploymentPostprocessing = 0;
		};
		11BFDE702CBE8739000D5F5D /* Resources */ = {
			isa = PBXResourcesBuildPhase;
			buildActionMask = 2147483647;
			files = (
			);
			runOnlyForDeploymentPostprocessing = 0;
		};
/* End PBXResourcesBuildPhase section */

/* Begin PBXSourcesBuildPhase section */
		11BFDE542CBE8737000D5F5D /* Sources */ = {
			isa = PBXSourcesBuildPhase;
			buildActionMask = 2147483647;
			files = (
			);
			runOnlyForDeploymentPostprocessing = 0;
		};
		11BFDE642CBE8739000D5F5D /* Sources */ = {
			isa = PBXSourcesBuildPhase;
			buildActionMask = 2147483647;
			files = (
			);
			runOnlyForDeploymentPostprocessing = 0;
		};
		11BFDE6E2CBE8739000D5F5D /* Sources */ = {
			isa = PBXSourcesBuildPhase;
			buildActionMask = 2147483647;
			files = (
			);
			runOnlyForDeploymentPostprocessing = 0;
		};
/* End PBXSourcesBuildPhase section */

/* Begin PBXTargetDependency section */
		11BFDE6A2CBE8739000D5F5D /* PBXTargetDependency */ = {
			isa = PBXTargetDependency;
			target = 11BFDE572CBE8737000D5F5D /* recipify */;
			targetProxy = 11BFDE692CBE8739000D5F5D /* PBXContainerItemProxy */;
		};
		11BFDE742CBE8739000D5F5D /* PBXTargetDependency */ = {
			isa = PBXTargetDependency;
			target = 11BFDE572CBE8737000D5F5D /* recipify */;
			targetProxy = 11BFDE732CBE8739000D5F5D /* PBXContainerItemProxy */;
		};
/* End PBXTargetDependency section */

/* Begin XCBuildConfiguration section */
		11BFDE7A2CBE8739000D5F5D /* Debug */ = {
			isa = XCBuildConfiguration;
			buildSettings = {
				ALWAYS_SEARCH_USER_PATHS = NO;
				ASSETCATALOG_COMPILER_GENERATE_SWIFT_ASSET_SYMBOL_EXTENSIONS = YES;
				CLANG_ANALYZER_NONNULL = YES;
				CLANG_ANALYZER_NUMBER_OBJECT_CONVERSION = YES_AGGRESSIVE;
				CLANG_CXX_LANGUAGE_STANDARD = "gnu++20";
				CLANG_ENABLE_MODULES = YES;
				CLANG_ENABLE_OBJC_ARC = YES;
				CLANG_ENABLE_OBJC_WEAK = YES;
				CLANG_WARN_BLOCK_CAPTURE_AUTORELEASING = YES;
				CLANG_WARN_BOOL_CONVERSION = YES;
				CLANG_WARN_COMMA = YES;
				CLANG_WARN_CONSTANT_CONVERSION = YES;
				CLANG_WARN_DEPRECATED_OBJC_IMPLEMENTATIONS = YES;
				CLANG_WARN_DIRECT_OBJC_ISA_USAGE = YES_ERROR;
				CLANG_WARN_DOCUMENTATION_COMMENTS = YES;
				CLANG_WARN_EMPTY_BODY = YES;
				CLANG_WARN_ENUM_CONVERSION = YES;
				CLANG_WARN_INFINITE_RECURSION = YES;
				CLANG_WARN_INT_CONVERSION = YES;
				CLANG_WARN_NON_LITERAL_NULL_CONVERSION = YES;
				CLANG_WARN_OBJC_IMPLICIT_RETAIN_SELF = YES;
				CLANG_WARN_OBJC_LITERAL_CONVERSION = YES;
				CLANG_WARN_OBJC_ROOT_CLASS = YES_ERROR;
				CLANG_WARN_QUOTED_INCLUDE_IN_FRAMEWORK_HEADER = YES;
				CLANG_WARN_RANGE_LOOP_ANALYSIS = YES;
				CLANG_WARN_STRICT_PROTOTYPES = YES;
				CLANG_WARN_SUSPICIOUS_MOVE = YES;
				CLANG_WARN_UNGUARDED_AVAILABILITY = YES_AGGRESSIVE;
				CLANG_WARN_UNREACHABLE_CODE = YES;
				CLANG_WARN__DUPLICATE_METHOD_MATCH = YES;
				COPY_PHASE_STRIP = NO;
				DEBUG_INFORMATION_FORMAT = dwarf;
				ENABLE_STRICT_OBJC_MSGSEND = YES;
				ENABLE_TESTABILITY = YES;
				ENABLE_USER_SCRIPT_SANDBOXING = YES;
				GCC_C_LANGUAGE_STANDARD = gnu17;
				GCC_DYNAMIC_NO_PIC = NO;
				GCC_NO_COMMON_BLOCKS = YES;
				GCC_OPTIMIZATION_LEVEL = 0;
				GCC_PREPROCESSOR_DEFINITIONS = (
					"DEBUG=1",
					"$(inherited)",
				);
				GCC_WARN_64_TO_32_BIT_CONVERSION = YES;
				GCC_WARN_ABOUT_RETURN_TYPE = YES_ERROR;
				GCC_WARN_UNDECLARED_SELECTOR = YES;
				GCC_WARN_UNINITIALIZED_AUTOS = YES_AGGRESSIVE;
				GCC_WARN_UNUSED_FUNCTION = YES;
				GCC_WARN_UNUSED_VARIABLE = YES;
				IPHONEOS_DEPLOYMENT_TARGET = 18.0;
				LOCALIZATION_PREFERS_STRING_CATALOGS = YES;
				MTL_ENABLE_DEBUG_INFO = INCLUDE_SOURCE;
				MTL_FAST_MATH = YES;
				ONLY_ACTIVE_ARCH = YES;
				SDKROOT = iphoneos;
				SWIFT_ACTIVE_COMPILATION_CONDITIONS = "DEBUG $(inherited)";
				SWIFT_OPTIMIZATION_LEVEL = "-Onone";
			};
			name = Debug;
		};
		11BFDE7B2CBE8739000D5F5D /* Release */ = {
			isa = XCBuildConfiguration;
			buildSettings = {
				ALWAYS_SEARCH_USER_PATHS = NO;
				ASSETCATALOG_COMPILER_GENERATE_SWIFT_ASSET_SYMBOL_EXTENSIONS = YES;
				CLANG_ANALYZER_NONNULL = YES;
				CLANG_ANALYZER_NUMBER_OBJECT_CONVERSION = YES_AGGRESSIVE;
				CLANG_CXX_LANGUAGE_STANDARD = "gnu++20";
				CLANG_ENABLE_MODULES = YES;
				CLANG_ENABLE_OBJC_ARC = YES;
				CLANG_ENABLE_OBJC_WEAK = YES;
				CLANG_WARN_BLOCK_CAPTURE_AUTORELEASING = YES;
				CLANG_WARN_BOOL_CONVERSION = YES;
				CLANG_WARN_COMMA = YES;
				CLANG_WARN_CONSTANT_CONVERSION = YES;
				CLANG_WARN_DEPRECATED_OBJC_IMPLEMENTATIONS = YES;
				CLANG_WARN_DIRECT_OBJC_ISA_USAGE = YES_ERROR;
				CLANG_WARN_DOCUMENTATION_COMMENTS = YES;
				CLANG_WARN_EMPTY_BODY = YES;
				CLANG_WARN_ENUM_CONVERSION = YES;
				CLANG_WARN_INFINITE_RECURSION = YES;
				CLANG_WARN_INT_CONVERSION = YES;
				CLANG_WARN_NON_LITERAL_NULL_CONVERSION = YES;
				CLANG_WARN_OBJC_IMPLICIT_RETAIN_SELF = YES;
				CLANG_WARN_OBJC_LITERAL_CONVERSION = YES;
				CLANG_WARN_OBJC_ROOT_CLASS = YES_ERROR;
				CLANG_WARN_QUOTED_INCLUDE_IN_FRAMEWORK_HEADER = YES;
				CLANG_WARN_RANGE_LOOP_ANALYSIS = YES;
				CLANG_WARN_STRICT_PROTOTYPES = YES;
				CLANG_WARN_SUSPICIOUS_MOVE = YES;
				CLANG_WARN_UNGUARDED_AVAILABILITY = YES_AGGRESSIVE;
				CLANG_WARN_UNREACHABLE_CODE = YES;
				CLANG_WARN__DUPLICATE_METHOD_MATCH = YES;
				COPY_PHASE_STRIP = NO;
				DEBUG_INFORMATION_FORMAT = "dwarf-with-dsym";
				ENABLE_NS_ASSERTIONS = NO;
				ENABLE_STRICT_OBJC_MSGSEND = YES;
				ENABLE_USER_SCRIPT_SANDBOXING = YES;
				GCC_C_LANGUAGE_STANDARD = gnu17;
				GCC_NO_COMMON_BLOCKS = YES;
				GCC_WARN_64_TO_32_BIT_CONVERSION = YES;
				GCC_WARN_ABOUT_RETURN_TYPE = YES_ERROR;
				GCC_WARN_UNDECLARED_SELECTOR = YES;
				GCC_WARN_UNINITIALIZED_AUTOS = YES_AGGRESSIVE;
				GCC_WARN_UNUSED_FUNCTION = YES;
				GCC_WARN_UNUSED_VARIABLE = YES;
				IPHONEOS_DEPLOYMENT_TARGET = 18.0;
				LOCALIZATION_PREFERS_STRING_CATALOGS = YES;
				MTL_ENABLE_DEBUG_INFO = NO;
				MTL_FAST_MATH = YES;
				SDKROOT = iphoneos;
				SWIFT_COMPILATION_MODE = wholemodule;
				VALIDATE_PRODUCT = YES;
			};
			name = Release;
		};
		11BFDE7D2CBE8739000D5F5D /* Debug */ = {
			isa = XCBuildConfiguration;
			buildSettings = {
				ASSETCATALOG_COMPILER_APPICON_NAME = AppIcon;
				ASSETCATALOG_COMPILER_GLOBAL_ACCENT_COLOR_NAME = AccentColor;
				CODE_SIGN_STYLE = Automatic;
				CURRENT_PROJECT_VERSION = 1;
				DEVELOPMENT_ASSET_PATHS = "\"recipify/Preview Content\"";
				DEVELOPMENT_TEAM = GL2Y5652NX;
				ENABLE_PREVIEWS = YES;
				GENERATE_INFOPLIST_FILE = YES;
				INFOPLIST_KEY_UIApplicationSceneManifest_Generation = YES;
				INFOPLIST_KEY_UIApplicationSupportsIndirectInputEvents = YES;
				INFOPLIST_KEY_UILaunchScreen_Generation = YES;
				INFOPLIST_KEY_UISupportedInterfaceOrientations_iPad = "UIInterfaceOrientationPortrait UIInterfaceOrientationPortraitUpsideDown UIInterfaceOrientationLandscapeLeft UIInterfaceOrientationLandscapeRight";
				INFOPLIST_KEY_UISupportedInterfaceOrientations_iPhone = "UIInterfaceOrientationPortrait UIInterfaceOrientationLandscapeLeft UIInterfaceOrientationLandscapeRight";
				LD_RUNPATH_SEARCH_PATHS = (
					"$(inherited)",
					"@executable_path/Frameworks",
				);
				MARKETING_VERSION = 1.0;
				PRODUCT_BUNDLE_IDENTIFIER = "de.timo-ischen.recipify";
				PRODUCT_NAME = "$(TARGET_NAME)";
				SWIFT_EMIT_LOC_STRINGS = YES;
				SWIFT_VERSION = 5.0;
				TARGETED_DEVICE_FAMILY = "1,2";
			};
			name = Debug;
		};
		11BFDE7E2CBE8739000D5F5D /* Release */ = {
			isa = XCBuildConfiguration;
			buildSettings = {
				ASSETCATALOG_COMPILER_APPICON_NAME = AppIcon;
				ASSETCATALOG_COMPILER_GLOBAL_ACCENT_COLOR_NAME = AccentColor;
				CODE_SIGN_STYLE = Automatic;
				CURRENT_PROJECT_VERSION = 1;
				DEVELOPMENT_ASSET_PATHS = "\"recipify/Preview Content\"";
				DEVELOPMENT_TEAM = GL2Y5652NX;
				ENABLE_PREVIEWS = YES;
				GENERATE_INFOPLIST_FILE = YES;
				INFOPLIST_KEY_UIApplicationSceneManifest_Generation = YES;
				INFOPLIST_KEY_UIApplicationSupportsIndirectInputEvents = YES;
				INFOPLIST_KEY_UILaunchScreen_Generation = YES;
				INFOPLIST_KEY_UISupportedInterfaceOrientations_iPad = "UIInterfaceOrientationPortrait UIInterfaceOrientationPortraitUpsideDown UIInterfaceOrientationLandscapeLeft UIInterfaceOrientationLandscapeRight";
				INFOPLIST_KEY_UISupportedInterfaceOrientations_iPhone = "UIInterfaceOrientationPortrait UIInterfaceOrientationLandscapeLeft UIInterfaceOrientationLandscapeRight";
				LD_RUNPATH_SEARCH_PATHS = (
					"$(inherited)",
					"@executable_path/Frameworks",
				);
				MARKETING_VERSION = 1.0;
				PRODUCT_BUNDLE_IDENTIFIER = "de.timo-ischen.recipify";
				PRODUCT_NAME = "$(TARGET_NAME)";
				SWIFT_EMIT_LOC_STRINGS = YES;
				SWIFT_VERSION = 5.0;
				TARGETED_DEVICE_FAMILY = "1,2";
			};
			name = Release;
		};
		11BFDE802CBE8739000D5F5D /* Debug */ = {
			isa = XCBuildConfiguration;
			buildSettings = {
				BUNDLE_LOADER = "$(TEST_HOST)";
				CODE_SIGN_STYLE = Automatic;
				CURRENT_PROJECT_VERSION = 1;
				DEVELOPMENT_TEAM = GL2Y5652NX;
				GENERATE_INFOPLIST_FILE = YES;
				IPHONEOS_DEPLOYMENT_TARGET = 18.0;
				MARKETING_VERSION = 1.0;
				PRODUCT_BUNDLE_IDENTIFIER = "de.timo-ischen.recipifyTests";
				PRODUCT_NAME = "$(TARGET_NAME)";
				SWIFT_EMIT_LOC_STRINGS = NO;
				SWIFT_VERSION = 5.0;
				TARGETED_DEVICE_FAMILY = "1,2";
				TEST_HOST = "$(BUILT_PRODUCTS_DIR)/recipify.app/$(BUNDLE_EXECUTABLE_FOLDER_PATH)/recipify";
			};
			name = Debug;
		};
		11BFDE812CBE8739000D5F5D /* Release */ = {
			isa = XCBuildConfiguration;
			buildSettings = {
				BUNDLE_LOADER = "$(TEST_HOST)";
				CODE_SIGN_STYLE = Automatic;
				CURRENT_PROJECT_VERSION = 1;
				DEVELOPMENT_TEAM = GL2Y5652NX;
				GENERATE_INFOPLIST_FILE = YES;
				IPHONEOS_DEPLOYMENT_TARGET = 18.0;
				MARKETING_VERSION = 1.0;
				PRODUCT_BUNDLE_IDENTIFIER = "de.timo-ischen.recipifyTests";
				PRODUCT_NAME = "$(TARGET_NAME)";
				SWIFT_EMIT_LOC_STRINGS = NO;
				SWIFT_VERSION = 5.0;
				TARGETED_DEVICE_FAMILY = "1,2";
				TEST_HOST = "$(BUILT_PRODUCTS_DIR)/recipify.app/$(BUNDLE_EXECUTABLE_FOLDER_PATH)/recipify";
			};
			name = Release;
		};
		11BFDE832CBE8739000D5F5D /* Debug */ = {
			isa = XCBuildConfiguration;
			buildSettings = {
				CODE_SIGN_STYLE = Automatic;
				CURRENT_PROJECT_VERSION = 1;
				DEVELOPMENT_TEAM = GL2Y5652NX;
				GENERATE_INFOPLIST_FILE = YES;
				MARKETING_VERSION = 1.0;
				PRODUCT_BUNDLE_IDENTIFIER = "de.timo-ischen.recipifyUITests";
				PRODUCT_NAME = "$(TARGET_NAME)";
				SWIFT_EMIT_LOC_STRINGS = NO;
				SWIFT_VERSION = 5.0;
				TARGETED_DEVICE_FAMILY = "1,2";
				TEST_TARGET_NAME = recipify;
			};
			name = Debug;
		};
		11BFDE842CBE8739000D5F5D /* Release */ = {
			isa = XCBuildConfiguration;
			buildSettings = {
				CODE_SIGN_STYLE = Automatic;
				CURRENT_PROJECT_VERSION = 1;
				DEVELOPMENT_TEAM = GL2Y5652NX;
				GENERATE_INFOPLIST_FILE = YES;
				MARKETING_VERSION = 1.0;
				PRODUCT_BUNDLE_IDENTIFIER = "de.timo-ischen.recipifyUITests";
				PRODUCT_NAME = "$(TARGET_NAME)";
				SWIFT_EMIT_LOC_STRINGS = NO;
				SWIFT_VERSION = 5.0;
				TARGETED_DEVICE_FAMILY = "1,2";
				TEST_TARGET_NAME = recipify;
			};
			name = Release;
		};
/* End XCBuildConfiguration section */

/* Begin XCConfigurationList section */
		11BFDE532CBE8737000D5F5D /* Build configuration list for PBXProject "recipify" */ = {
			isa = XCConfigurationList;
			buildConfigurations = (
				11BFDE7A2CBE8739000D5F5D /* Debug */,
				11BFDE7B2CBE8739000D5F5D /* Release */,
			);
			defaultConfigurationIsVisible = 0;
			defaultConfigurationName = Release;
		};
		11BFDE7C2CBE8739000D5F5D /* Build configuration list for PBXNativeTarget "recipify" */ = {
			isa = XCConfigurationList;
			buildConfigurations = (
				11BFDE7D2CBE8739000D5F5D /* Debug */,
				11BFDE7E2CBE8739000D5F5D /* Release */,
			);
			defaultConfigurationIsVisible = 0;
			defaultConfigurationName = Release;
		};
		11BFDE7F2CBE8739000D5F5D /* Build configuration list for PBXNativeTarget "recipifyTests" */ = {
			isa = XCConfigurationList;
			buildConfigurations = (
				11BFDE802CBE8739000D5F5D /* Debug */,
				11BFDE812CBE8739000D5F5D /* Release */,
			);
			defaultConfigurationIsVisible = 0;
			defaultConfigurationName = Release;
		};
		11BFDE822CBE8739000D5F5D /* Build configuration list for PBXNativeTarget "recipifyUITests" */ = {
			isa = XCConfigurationList;
			buildConfigurations = (
				11BFDE832CBE8739000D5F5D /* Debug */,
				11BFDE842CBE8739000D5F5D /* Release */,
			);
			defaultConfigurationIsVisible = 0;
			defaultConfigurationName = Release;
		};
/* End XCConfigurationList section */
	};
	rootObject = 11BFDE502CBE8737000D5F5D /* Project object */;
}
